// !$*UTF8*$!
{
	archiveVersion = 1;
	classes = {
	};
	objectVersion = 56;
	objects = {

/* Begin PBXFileReference section */
		F593B9062A606AB300377700 /* mrdbourke */ = {isa = PBXFileReference; lastKnownFileType = folder; path = mrdbourke; sourceTree = "<group>"; };
		F5FCF54829C2BD090069BB24 /* README.md */ = {isa = PBXFileReference; lastKnownFileType = net.daringfireball.markdown; path = README.md; sourceTree = "<group>"; };
		F5FCF54929C2BD090069BB24 /* LICENSE */ = {isa = PBXFileReference; lastKnownFileType = text; path = LICENSE; sourceTree = "<group>"; };
/* End PBXFileReference section */

/* Begin PBXGroup section */
		F5FCF54129C2BCD80069BB24 = {
			isa = PBXGroup;
			children = (
				F5FCF54929C2BD090069BB24 /* LICENSE */,
				F5FCF54829C2BD090069BB24 /* README.md */,
				F593B9062A606AB300377700 /* mrdbourke */,
			);
			sourceTree = "<group>";
		};
/* End PBXGroup section */

/* Begin PBXProject section */
		F5FCF54229C2BCD80069BB24 /* Project object */ = {
			isa = PBXProject;
			attributes = {
				BuildIndependentTargetsInParallel = 1;
				LastUpgradeCheck = 1420;
			};
			buildConfigurationList = F5FCF54529C2BCD80069BB24 /* Build configuration list for PBXProject "tensorflow" */;
			compatibilityVersion = "Xcode 14.0";
			developmentRegion = en;
			hasScannedForEncodings = 0;
			knownRegions = (
				en,
				Base,
			);
			mainGroup = F5FCF54129C2BCD80069BB24;
			projectDirPath = "";
			projectRoot = "";
			targets = (
			);
		};
/* End PBXProject section */

/* Begin XCBuildConfiguration section */
		F5FCF54629C2BCD80069BB24 /* Debug */ = {
			isa = XCBuildConfiguration;
			buildSettings = {
			};
			name = Debug;
		};
		F5FCF54729C2BCD80069BB24 /* Release */ = {
			isa = XCBuildConfiguration;
			buildSettings = {
			};
			name = Release;
		};
/* End XCBuildConfiguration section */

/* Begin XCConfigurationList section */
		F5FCF54529C2BCD80069BB24 /* Build configuration list for PBXProject "tensorflow" */ = {
			isa = XCConfigurationList;
			buildConfigurations = (
				F5FCF54629C2BCD80069BB24 /* Debug */,
				F5FCF54729C2BCD80069BB24 /* Release */,
			);
			defaultConfigurationIsVisible = 0;
			defaultConfigurationName = Release;
		};
/* End XCConfigurationList section */
	};
	rootObject = F5FCF54229C2BCD80069BB24 /* Project object */;
}
